// !$*UTF8*$!
{
	archiveVersion = 1;
	classes = {
	};
	objectVersion = 50;
	objects = {

/* Begin PBXBuildFile section */
		261D9C9425B8521700B39D60 /* AppDelegate.swift in Sources */ = {isa = PBXBuildFile; fileRef = 261D9C9325B8521700B39D60 /* AppDelegate.swift */; };
		261D9C9625B8521700B39D60 /* SceneDelegate.swift in Sources */ = {isa = PBXBuildFile; fileRef = 261D9C9525B8521700B39D60 /* SceneDelegate.swift */; };
		261D9C9825B8521700B39D60 /* LoginVC.swift in Sources */ = {isa = PBXBuildFile; fileRef = 261D9C9725B8521700B39D60 /* LoginVC.swift */; };
		261D9C9B25B8521700B39D60 /* Main.storyboard in Resources */ = {isa = PBXBuildFile; fileRef = 261D9C9925B8521700B39D60 /* Main.storyboard */; };
		261D9C9D25B8521900B39D60 /* Assets.xcassets in Resources */ = {isa = PBXBuildFile; fileRef = 261D9C9C25B8521900B39D60 /* Assets.xcassets */; };
		261D9CA025B8521900B39D60 /* LaunchScreen.storyboard in Resources */ = {isa = PBXBuildFile; fileRef = 261D9C9E25B8521900B39D60 /* LaunchScreen.storyboard */; };
		261D9CC725B852B800B39D60 /* SandboxText.swift in Sources */ = {isa = PBXBuildFile; fileRef = 261D9CC625B852B800B39D60 /* SandboxText.swift */; };
		261D9CCC25B860B100B39D60 /* NetworkService.swift in Sources */ = {isa = PBXBuildFile; fileRef = 261D9CCB25B860B100B39D60 /* NetworkService.swift */; };
		261D9CD725B8D6EE00B39D60 /* KeychainWrapper.swift in Sources */ = {isa = PBXBuildFile; fileRef = 261D9CD525B8D6EE00B39D60 /* KeychainWrapper.swift */; };
		261D9CD825B8D6EE00B39D60 /* KeychainItemAccessibility.swift in Sources */ = {isa = PBXBuildFile; fileRef = 261D9CD625B8D6EE00B39D60 /* KeychainItemAccessibility.swift */; };
		261D9CE825B9B88A00B39D60 /* LoginPresenter.swift in Sources */ = {isa = PBXBuildFile; fileRef = 261D9CE725B9B88A00B39D60 /* LoginPresenter.swift */; };
		261D9CF725B9D33A00B39D60 /* LoginVC.xib in Resources */ = {isa = PBXBuildFile; fileRef = 261D9CF625B9D33A00B39D60 /* LoginVC.xib */; };
		261D9CFC25B9DBD000B39D60 /* AssemblyModuleBuilder.swift in Sources */ = {isa = PBXBuildFile; fileRef = 261D9CFB25B9DBD000B39D60 /* AssemblyModuleBuilder.swift */; };
		262AD40B25BA317E00209B05 /* SignUpVC.swift in Sources */ = {isa = PBXBuildFile; fileRef = 262AD40925BA317E00209B05 /* SignUpVC.swift */; };
		262AD40C25BA317E00209B05 /* SignUpVC.xib in Resources */ = {isa = PBXBuildFile; fileRef = 262AD40A25BA317E00209B05 /* SignUpVC.xib */; };
		262AD41525BA31BF00209B05 /* SignUpPresenter.swift in Sources */ = {isa = PBXBuildFile; fileRef = 262AD41425BA31BF00209B05 /* SignUpPresenter.swift */; };
		262AD41A25BA358500209B05 /* Router.swift in Sources */ = {isa = PBXBuildFile; fileRef = 262AD41925BA358500209B05 /* Router.swift */; };
		262AD45725BB0EF400209B05 /* CounterVC.swift in Sources */ = {isa = PBXBuildFile; fileRef = 262AD45525BB0EF400209B05 /* CounterVC.swift */; };
		262AD45825BB0EF400209B05 /* CounterVC.xib in Resources */ = {isa = PBXBuildFile; fileRef = 262AD45625BB0EF400209B05 /* CounterVC.xib */; };
		262AD45F25BB0F6A00209B05 /* CounterPresenter.swift in Sources */ = {isa = PBXBuildFile; fileRef = 262AD45E25BB0F6A00209B05 /* CounterPresenter.swift */; };
		26BEFC4925BB485800A2FAE5 /* CharCount.swift in Sources */ = {isa = PBXBuildFile; fileRef = 26BEFC4825BB485800A2FAE5 /* CharCount.swift */; };
		26BEFC5F25BB59FB00A2FAE5 /* AuthResponse.swift in Sources */ = {isa = PBXBuildFile; fileRef = 26BEFC5E25BB59FB00A2FAE5 /* AuthResponse.swift */; };
		26BEFC7525BC212200A2FAE5 /* LoginPresenterTest.swift in Sources */ = {isa = PBXBuildFile; fileRef = 26BEFC7425BC212200A2FAE5 /* LoginPresenterTest.swift */; };
		26BEFC8025BC2EE400A2FAE5 /* CounterPresenterTest.swift in Sources */ = {isa = PBXBuildFile; fileRef = 26BEFC7F25BC2EE400A2FAE5 /* CounterPresenterTest.swift */; };
/* End PBXBuildFile section */

/* Begin PBXContainerItemProxy section */
		261D9CA725B8521900B39D60 /* PBXContainerItemProxy */ = {
			isa = PBXContainerItemProxy;
			containerPortal = 261D9C8825B8521700B39D60 /* Project object */;
			proxyType = 1;
			remoteGlobalIDString = 261D9C8F25B8521700B39D60;
			remoteInfo = "JatApp Counter";
		};
/* End PBXContainerItemProxy section */

/* Begin PBXFileReference section */
		261D9C9025B8521700B39D60 /* JatApp Counter.app */ = {isa = PBXFileReference; explicitFileType = wrapper.application; includeInIndex = 0; path = "JatApp Counter.app"; sourceTree = BUILT_PRODUCTS_DIR; };
		261D9C9325B8521700B39D60 /* AppDelegate.swift */ = {isa = PBXFileReference; lastKnownFileType = sourcecode.swift; path = AppDelegate.swift; sourceTree = "<group>"; };
		261D9C9525B8521700B39D60 /* SceneDelegate.swift */ = {isa = PBXFileReference; lastKnownFileType = sourcecode.swift; path = SceneDelegate.swift; sourceTree = "<group>"; };
		261D9C9725B8521700B39D60 /* LoginVC.swift */ = {isa = PBXFileReference; lastKnownFileType = sourcecode.swift; path = LoginVC.swift; sourceTree = "<group>"; };
		261D9C9A25B8521700B39D60 /* Base */ = {isa = PBXFileReference; lastKnownFileType = file.storyboard; name = Base; path = Base.lproj/Main.storyboard; sourceTree = "<group>"; };
		261D9C9C25B8521900B39D60 /* Assets.xcassets */ = {isa = PBXFileReference; lastKnownFileType = folder.assetcatalog; path = Assets.xcassets; sourceTree = "<group>"; };
		261D9C9F25B8521900B39D60 /* Base */ = {isa = PBXFileReference; lastKnownFileType = file.storyboard; name = Base; path = Base.lproj/LaunchScreen.storyboard; sourceTree = "<group>"; };
		261D9CA125B8521900B39D60 /* Info.plist */ = {isa = PBXFileReference; lastKnownFileType = text.plist.xml; path = Info.plist; sourceTree = "<group>"; };
		261D9CA625B8521900B39D60 /* JatApp CounterTests.xctest */ = {isa = PBXFileReference; explicitFileType = wrapper.cfbundle; includeInIndex = 0; path = "JatApp CounterTests.xctest"; sourceTree = BUILT_PRODUCTS_DIR; };
		261D9CAC25B8521900B39D60 /* Info.plist */ = {isa = PBXFileReference; lastKnownFileType = text.plist.xml; path = Info.plist; sourceTree = "<group>"; };
		261D9CC625B852B800B39D60 /* SandboxText.swift */ = {isa = PBXFileReference; lastKnownFileType = sourcecode.swift; name = SandboxText.swift; path = "JatApp Counter/Modules/Counter/Model/SandboxText.swift"; sourceTree = SOURCE_ROOT; };
		261D9CCB25B860B100B39D60 /* NetworkService.swift */ = {isa = PBXFileReference; lastKnownFileType = sourcecode.swift; path = NetworkService.swift; sourceTree = "<group>"; };
		261D9CD525B8D6EE00B39D60 /* KeychainWrapper.swift */ = {isa = PBXFileReference; fileEncoding = 4; lastKnownFileType = sourcecode.swift; path = KeychainWrapper.swift; sourceTree = "<group>"; };
		261D9CD625B8D6EE00B39D60 /* KeychainItemAccessibility.swift */ = {isa = PBXFileReference; fileEncoding = 4; lastKnownFileType = sourcecode.swift; path = KeychainItemAccessibility.swift; sourceTree = "<group>"; };
		261D9CE725B9B88A00B39D60 /* LoginPresenter.swift */ = {isa = PBXFileReference; lastKnownFileType = sourcecode.swift; path = LoginPresenter.swift; sourceTree = "<group>"; };
		261D9CF625B9D33A00B39D60 /* LoginVC.xib */ = {isa = PBXFileReference; lastKnownFileType = file.xib; name = LoginVC.xib; path = "JatApp Counter/Modules/Auth/Login/View/LoginVC.xib"; sourceTree = SOURCE_ROOT; };
		261D9CFB25B9DBD000B39D60 /* AssemblyModuleBuilder.swift */ = {isa = PBXFileReference; lastKnownFileType = sourcecode.swift; name = AssemblyModuleBuilder.swift; path = "JatApp Counter/AssemblyModuleBuilder.swift"; sourceTree = SOURCE_ROOT; };
		262AD40925BA317E00209B05 /* SignUpVC.swift */ = {isa = PBXFileReference; lastKnownFileType = sourcecode.swift; path = SignUpVC.swift; sourceTree = "<group>"; };
		262AD40A25BA317E00209B05 /* SignUpVC.xib */ = {isa = PBXFileReference; lastKnownFileType = file.xib; path = SignUpVC.xib; sourceTree = "<group>"; };
		262AD41425BA31BF00209B05 /* SignUpPresenter.swift */ = {isa = PBXFileReference; lastKnownFileType = sourcecode.swift; path = SignUpPresenter.swift; sourceTree = "<group>"; };
		262AD41925BA358500209B05 /* Router.swift */ = {isa = PBXFileReference; lastKnownFileType = sourcecode.swift; path = Router.swift; sourceTree = "<group>"; };
		262AD45525BB0EF400209B05 /* CounterVC.swift */ = {isa = PBXFileReference; lastKnownFileType = sourcecode.swift; name = CounterVC.swift; path = "JatApp Counter/Modules/Counter/View/CounterVC.swift"; sourceTree = SOURCE_ROOT; };
		262AD45625BB0EF400209B05 /* CounterVC.xib */ = {isa = PBXFileReference; lastKnownFileType = file.xib; name = CounterVC.xib; path = "JatApp Counter/Modules/Counter/View/CounterVC.xib"; sourceTree = SOURCE_ROOT; };
		262AD45E25BB0F6A00209B05 /* CounterPresenter.swift */ = {isa = PBXFileReference; lastKnownFileType = sourcecode.swift; name = CounterPresenter.swift; path = "JatApp Counter/Modules/Counter/Presenter/CounterPresenter.swift"; sourceTree = SOURCE_ROOT; };
		26BEFC4825BB485800A2FAE5 /* CharCount.swift */ = {isa = PBXFileReference; lastKnownFileType = sourcecode.swift; path = CharCount.swift; sourceTree = "<group>"; };
		26BEFC5E25BB59FB00A2FAE5 /* AuthResponse.swift */ = {isa = PBXFileReference; lastKnownFileType = sourcecode.swift; path = AuthResponse.swift; sourceTree = "<group>"; };
		26BEFC7425BC212200A2FAE5 /* LoginPresenterTest.swift */ = {isa = PBXFileReference; lastKnownFileType = sourcecode.swift; path = LoginPresenterTest.swift; sourceTree = "<group>"; };
		26BEFC7F25BC2EE400A2FAE5 /* CounterPresenterTest.swift */ = {isa = PBXFileReference; lastKnownFileType = sourcecode.swift; name = CounterPresenterTest.swift; path = "JatApp CounterTests/Counter/CounterPresenterTest.swift"; sourceTree = SOURCE_ROOT; };
/* End PBXFileReference section */

/* Begin PBXFrameworksBuildPhase section */
		261D9C8D25B8521700B39D60 /* Frameworks */ = {
			isa = PBXFrameworksBuildPhase;
			buildActionMask = 2147483647;
			files = (
			);
			runOnlyForDeploymentPostprocessing = 0;
		};
		261D9CA325B8521900B39D60 /* Frameworks */ = {
			isa = PBXFrameworksBuildPhase;
			buildActionMask = 2147483647;
			files = (
			);
			runOnlyForDeploymentPostprocessing = 0;
		};
/* End PBXFrameworksBuildPhase section */

/* Begin PBXGroup section */
		261D9C8725B8521700B39D60 = {
			isa = PBXGroup;
			children = (
				261D9C9225B8521700B39D60 /* JatApp Counter */,
				261D9CA925B8521900B39D60 /* JatApp CounterTests */,
				261D9C9125B8521700B39D60 /* Products */,
			);
			sourceTree = "<group>";
		};
		261D9C9125B8521700B39D60 /* Products */ = {
			isa = PBXGroup;
			children = (
				261D9C9025B8521700B39D60 /* JatApp Counter.app */,
				261D9CA625B8521900B39D60 /* JatApp CounterTests.xctest */,
			);
			name = Products;
			sourceTree = "<group>";
		};
		261D9C9225B8521700B39D60 /* JatApp Counter */ = {
			isa = PBXGroup;
			children = (
				261D9C9325B8521700B39D60 /* AppDelegate.swift */,
				261D9C9525B8521700B39D60 /* SceneDelegate.swift */,
				262AD44C25BB0E0A00209B05 /* Modules */,
				261D9CE325B9B7BE00B39D60 /* ServiceLayer */,
				261D9CDF25B9B7B100B39D60 /* Keychain */,
				26BEFC6A25BB5AA300A2FAE5 /* Storyboards */,
				26BEFC6B25BB5AC100A2FAE5 /* Resources */,
			);
			path = "JatApp Counter";
			sourceTree = "<group>";
		};
		261D9CA925B8521900B39D60 /* JatApp CounterTests */ = {
			isa = PBXGroup;
			children = (
				26BEFC8325BC2EE800A2FAE5 /* Counter */,
				26BEFC7825BC212500A2FAE5 /* Login */,
				261D9CAC25B8521900B39D60 /* Info.plist */,
			);
			path = "JatApp CounterTests";
			sourceTree = "<group>";
		};
		261D9CDF25B9B7B100B39D60 /* Keychain */ = {
			isa = PBXGroup;
			children = (
				261D9CD625B8D6EE00B39D60 /* KeychainItemAccessibility.swift */,
				261D9CD525B8D6EE00B39D60 /* KeychainWrapper.swift */,
			);
			path = Keychain;
			sourceTree = "<group>";
		};
		261D9CE325B9B7BE00B39D60 /* ServiceLayer */ = {
			isa = PBXGroup;
			children = (
				261D9CFB25B9DBD000B39D60 /* AssemblyModuleBuilder.swift */,
				262AD41925BA358500209B05 /* Router.swift */,
				261D9CCB25B860B100B39D60 /* NetworkService.swift */,
			);
			path = ServiceLayer;
			sourceTree = "<group>";
		};
		261D9CEC25B9B8A000B39D60 /* Login */ = {
			isa = PBXGroup;
			children = (
				26BEFC6325BB59FF00A2FAE5 /* Model */,
				26BEFC5625BB59B500A2FAE5 /* View */,
				26BEFC5A25BB59CE00A2FAE5 /* Presenter */,
			);
			path = Login;
			sourceTree = "<group>";
		};
		262AD41025BA318E00209B05 /* SignUp */ = {
			isa = PBXGroup;
			children = (
				262AD44425BB0DE300209B05 /* View */,
				262AD44825BB0DF000209B05 /* Presenter */,
			);
			path = SignUp;
			sourceTree = "<group>";
		};
		262AD44425BB0DE300209B05 /* View */ = {
			isa = PBXGroup;
			children = (
				262AD40925BA317E00209B05 /* SignUpVC.swift */,
				262AD40A25BA317E00209B05 /* SignUpVC.xib */,
			);
			path = View;
			sourceTree = "<group>";
		};
		262AD44825BB0DF000209B05 /* Presenter */ = {
			isa = PBXGroup;
			children = (
				262AD41425BA31BF00209B05 /* SignUpPresenter.swift */,
			);
			path = Presenter;
			sourceTree = "<group>";
		};
		262AD44C25BB0E0A00209B05 /* Modules */ = {
			isa = PBXGroup;
			children = (
				262AD45C25BB0EFD00209B05 /* Counter */,
				262AD45025BB0E2800209B05 /* Auth */,
			);
			path = Modules;
			sourceTree = "<group>";
		};
		262AD45025BB0E2800209B05 /* Auth */ = {
			isa = PBXGroup;
			children = (
				261D9CEC25B9B8A000B39D60 /* Login */,
				262AD41025BA318E00209B05 /* SignUp */,
			);
			path = Auth;
			sourceTree = "<group>";
		};
		262AD45425BB0E3700209B05 /* Model */ = {
			isa = PBXGroup;
			children = (
				26BEFC4825BB485800A2FAE5 /* CharCount.swift */,
				261D9CC625B852B800B39D60 /* SandboxText.swift */,
			);
			path = Model;
			sourceTree = "<group>";
		};
		262AD45C25BB0EFD00209B05 /* Counter */ = {
			isa = PBXGroup;
			children = (
				262AD46625BB0F6E00209B05 /* Presenter */,
				262AD45425BB0E3700209B05 /* Model */,
				262AD45D25BB0F2700209B05 /* View */,
			);
			path = Counter;
			sourceTree = "<group>";
		};
		262AD45D25BB0F2700209B05 /* View */ = {
			isa = PBXGroup;
			children = (
				262AD45525BB0EF400209B05 /* CounterVC.swift */,
				262AD45625BB0EF400209B05 /* CounterVC.xib */,
			);
			path = View;
			sourceTree = "<group>";
		};
		262AD46625BB0F6E00209B05 /* Presenter */ = {
			isa = PBXGroup;
			children = (
				262AD45E25BB0F6A00209B05 /* CounterPresenter.swift */,
			);
			path = Presenter;
			sourceTree = "<group>";
		};
		26BEFC5625BB59B500A2FAE5 /* View */ = {
			isa = PBXGroup;
			children = (
				261D9CF625B9D33A00B39D60 /* LoginVC.xib */,
				261D9C9725B8521700B39D60 /* LoginVC.swift */,
			);
			path = View;
			sourceTree = "<group>";
		};
		26BEFC5A25BB59CE00A2FAE5 /* Presenter */ = {
			isa = PBXGroup;
			children = (
				261D9CE725B9B88A00B39D60 /* LoginPresenter.swift */,
			);
			path = Presenter;
			sourceTree = "<group>";
		};
		26BEFC6325BB59FF00A2FAE5 /* Model */ = {
			isa = PBXGroup;
			children = (
				26BEFC5E25BB59FB00A2FAE5 /* AuthResponse.swift */,
			);
			path = Model;
			sourceTree = "<group>";
		};
		26BEFC6A25BB5AA300A2FAE5 /* Storyboards */ = {
			isa = PBXGroup;
			children = (
				261D9C9925B8521700B39D60 /* Main.storyboard */,
				261D9C9E25B8521900B39D60 /* LaunchScreen.storyboard */,
			);
			path = Storyboards;
			sourceTree = "<group>";
		};
		26BEFC6B25BB5AC100A2FAE5 /* Resources */ = {
			isa = PBXGroup;
			children = (
				261D9C9C25B8521900B39D60 /* Assets.xcassets */,
				261D9CA125B8521900B39D60 /* Info.plist */,
			);
			path = Resources;
			sourceTree = "<group>";
		};
		26BEFC7825BC212500A2FAE5 /* Login */ = {
			isa = PBXGroup;
			children = (
				26BEFC7425BC212200A2FAE5 /* LoginPresenterTest.swift */,
			);
			path = Login;
			sourceTree = "<group>";
		};
		26BEFC8325BC2EE800A2FAE5 /* Counter */ = {
			isa = PBXGroup;
			children = (
				26BEFC7F25BC2EE400A2FAE5 /* CounterPresenterTest.swift */,
			);
			path = Counter;
			sourceTree = "<group>";
		};
/* End PBXGroup section */

/* Begin PBXNativeTarget section */
		261D9C8F25B8521700B39D60 /* JatApp Counter */ = {
			isa = PBXNativeTarget;
			buildConfigurationList = 261D9CBA25B8521900B39D60 /* Build configuration list for PBXNativeTarget "JatApp Counter" */;
			buildPhases = (
				261D9C8C25B8521700B39D60 /* Sources */,
				261D9C8D25B8521700B39D60 /* Frameworks */,
				261D9C8E25B8521700B39D60 /* Resources */,
			);
			buildRules = (
			);
			dependencies = (
			);
			name = "JatApp Counter";
			productName = "JatApp Counter";
			productReference = 261D9C9025B8521700B39D60 /* JatApp Counter.app */;
			productType = "com.apple.product-type.application";
		};
		261D9CA525B8521900B39D60 /* JatApp CounterTests */ = {
			isa = PBXNativeTarget;
			buildConfigurationList = 261D9CBD25B8521900B39D60 /* Build configuration list for PBXNativeTarget "JatApp CounterTests" */;
			buildPhases = (
				261D9CA225B8521900B39D60 /* Sources */,
				261D9CA325B8521900B39D60 /* Frameworks */,
				261D9CA425B8521900B39D60 /* Resources */,
			);
			buildRules = (
			);
			dependencies = (
				261D9CA825B8521900B39D60 /* PBXTargetDependency */,
			);
			name = "JatApp CounterTests";
			productName = "JatApp CounterTests";
			productReference = 261D9CA625B8521900B39D60 /* JatApp CounterTests.xctest */;
			productType = "com.apple.product-type.bundle.unit-test";
		};
/* End PBXNativeTarget section */

/* Begin PBXProject section */
		261D9C8825B8521700B39D60 /* Project object */ = {
			isa = PBXProject;
			attributes = {
				LastSwiftUpdateCheck = 1230;
				LastUpgradeCheck = 1230;
				TargetAttributes = {
					261D9C8F25B8521700B39D60 = {
						CreatedOnToolsVersion = 12.3;
					};
					261D9CA525B8521900B39D60 = {
						CreatedOnToolsVersion = 12.3;
						TestTargetID = 261D9C8F25B8521700B39D60;
					};
				};
			};
			buildConfigurationList = 261D9C8B25B8521700B39D60 /* Build configuration list for PBXProject "JatApp Counter" */;
			compatibilityVersion = "Xcode 9.3";
			developmentRegion = en;
			hasScannedForEncodings = 0;
			knownRegions = (
				en,
				Base,
			);
			mainGroup = 261D9C8725B8521700B39D60;
			productRefGroup = 261D9C9125B8521700B39D60 /* Products */;
			projectDirPath = "";
			projectRoot = "";
			targets = (
				261D9C8F25B8521700B39D60 /* JatApp Counter */,
				261D9CA525B8521900B39D60 /* JatApp CounterTests */,
			);
		};
/* End PBXProject section */

/* Begin PBXResourcesBuildPhase section */
		261D9C8E25B8521700B39D60 /* Resources */ = {
			isa = PBXResourcesBuildPhase;
			buildActionMask = 2147483647;
			files = (
				261D9CA025B8521900B39D60 /* LaunchScreen.storyboard in Resources */,
				261D9C9D25B8521900B39D60 /* Assets.xcassets in Resources */,
				262AD40C25BA317E00209B05 /* SignUpVC.xib in Resources */,
				261D9CF725B9D33A00B39D60 /* LoginVC.xib in Resources */,
				261D9C9B25B8521700B39D60 /* Main.storyboard in Resources */,
				262AD45825BB0EF400209B05 /* CounterVC.xib in Resources */,
			);
			runOnlyForDeploymentPostprocessing = 0;
		};
		261D9CA425B8521900B39D60 /* Resources */ = {
			isa = PBXResourcesBuildPhase;
			buildActionMask = 2147483647;
			files = (
			);
			runOnlyForDeploymentPostprocessing = 0;
		};
/* End PBXResourcesBuildPhase section */

/* Begin PBXSourcesBuildPhase section */
		261D9C8C25B8521700B39D60 /* Sources */ = {
			isa = PBXSourcesBuildPhase;
			buildActionMask = 2147483647;
			files = (
				261D9CE825B9B88A00B39D60 /* LoginPresenter.swift in Sources */,
				261D9CCC25B860B100B39D60 /* NetworkService.swift in Sources */,
				26BEFC4925BB485800A2FAE5 /* CharCount.swift in Sources */,
				262AD45725BB0EF400209B05 /* CounterVC.swift in Sources */,
				261D9CC725B852B800B39D60 /* SandboxText.swift in Sources */,
				261D9CD725B8D6EE00B39D60 /* KeychainWrapper.swift in Sources */,
				262AD41A25BA358500209B05 /* Router.swift in Sources */,
				261D9C9825B8521700B39D60 /* LoginVC.swift in Sources */,
				261D9CFC25B9DBD000B39D60 /* AssemblyModuleBuilder.swift in Sources */,
				261D9CD825B8D6EE00B39D60 /* KeychainItemAccessibility.swift in Sources */,
				262AD45F25BB0F6A00209B05 /* CounterPresenter.swift in Sources */,
				261D9C9425B8521700B39D60 /* AppDelegate.swift in Sources */,
				262AD40B25BA317E00209B05 /* SignUpVC.swift in Sources */,
				262AD41525BA31BF00209B05 /* SignUpPresenter.swift in Sources */,
				26BEFC5F25BB59FB00A2FAE5 /* AuthResponse.swift in Sources */,
				261D9C9625B8521700B39D60 /* SceneDelegate.swift in Sources */,
			);
			runOnlyForDeploymentPostprocessing = 0;
		};
		261D9CA225B8521900B39D60 /* Sources */ = {
			isa = PBXSourcesBuildPhase;
			buildActionMask = 2147483647;
			files = (
				26BEFC7525BC212200A2FAE5 /* LoginPresenterTest.swift in Sources */,
				26BEFC8025BC2EE400A2FAE5 /* CounterPresenterTest.swift in Sources */,
			);
			runOnlyForDeploymentPostprocessing = 0;
		};
/* End PBXSourcesBuildPhase section */

/* Begin PBXTargetDependency section */
		261D9CA825B8521900B39D60 /* PBXTargetDependency */ = {
			isa = PBXTargetDependency;
			target = 261D9C8F25B8521700B39D60 /* JatApp Counter */;
			targetProxy = 261D9CA725B8521900B39D60 /* PBXContainerItemProxy */;
		};
/* End PBXTargetDependency section */

/* Begin PBXVariantGroup section */
		261D9C9925B8521700B39D60 /* Main.storyboard */ = {
			isa = PBXVariantGroup;
			children = (
				261D9C9A25B8521700B39D60 /* Base */,
			);
			name = Main.storyboard;
			sourceTree = "<group>";
		};
		261D9C9E25B8521900B39D60 /* LaunchScreen.storyboard */ = {
			isa = PBXVariantGroup;
			children = (
				261D9C9F25B8521900B39D60 /* Base */,
			);
			name = LaunchScreen.storyboard;
			sourceTree = "<group>";
		};
/* End PBXVariantGroup section */

/* Begin XCBuildConfiguration section */
		261D9CB825B8521900B39D60 /* Debug */ = {
			isa = XCBuildConfiguration;
			buildSettings = {
				ALWAYS_SEARCH_USER_PATHS = NO;
				CLANG_ANALYZER_NONNULL = YES;
				CLANG_ANALYZER_NUMBER_OBJECT_CONVERSION = YES_AGGRESSIVE;
				CLANG_CXX_LANGUAGE_STANDARD = "gnu++14";
				CLANG_CXX_LIBRARY = "libc++";
				CLANG_ENABLE_MODULES = YES;
				CLANG_ENABLE_OBJC_ARC = YES;
				CLANG_ENABLE_OBJC_WEAK = YES;
				CLANG_WARN_BLOCK_CAPTURE_AUTORELEASING = YES;
				CLANG_WARN_BOOL_CONVERSION = YES;
				CLANG_WARN_COMMA = YES;
				CLANG_WARN_CONSTANT_CONVERSION = YES;
				CLANG_WARN_DEPRECATED_OBJC_IMPLEMENTATIONS = YES;
				CLANG_WARN_DIRECT_OBJC_ISA_USAGE = YES_ERROR;
				CLANG_WARN_DOCUMENTATION_COMMENTS = YES;
				CLANG_WARN_EMPTY_BODY = YES;
				CLANG_WARN_ENUM_CONVERSION = YES;
				CLANG_WARN_INFINITE_RECURSION = YES;
				CLANG_WARN_INT_CONVERSION = YES;
				CLANG_WARN_NON_LITERAL_NULL_CONVERSION = YES;
				CLANG_WARN_OBJC_IMPLICIT_RETAIN_SELF = YES;
				CLANG_WARN_OBJC_LITERAL_CONVERSION = YES;
				CLANG_WARN_OBJC_ROOT_CLASS = YES_ERROR;
				CLANG_WARN_QUOTED_INCLUDE_IN_FRAMEWORK_HEADER = YES;
				CLANG_WARN_RANGE_LOOP_ANALYSIS = YES;
				CLANG_WARN_STRICT_PROTOTYPES = YES;
				CLANG_WARN_SUSPICIOUS_MOVE = YES;
				CLANG_WARN_UNGUARDED_AVAILABILITY = YES_AGGRESSIVE;
				CLANG_WARN_UNREACHABLE_CODE = YES;
				CLANG_WARN__DUPLICATE_METHOD_MATCH = YES;
				COPY_PHASE_STRIP = NO;
				DEBUG_INFORMATION_FORMAT = dwarf;
				ENABLE_STRICT_OBJC_MSGSEND = YES;
				ENABLE_TESTABILITY = YES;
				GCC_C_LANGUAGE_STANDARD = gnu11;
				GCC_DYNAMIC_NO_PIC = NO;
				GCC_NO_COMMON_BLOCKS = YES;
				GCC_OPTIMIZATION_LEVEL = 0;
				GCC_PREPROCESSOR_DEFINITIONS = (
					"DEBUG=1",
					"$(inherited)",
				);
				GCC_WARN_64_TO_32_BIT_CONVERSION = YES;
				GCC_WARN_ABOUT_RETURN_TYPE = YES_ERROR;
				GCC_WARN_UNDECLARED_SELECTOR = YES;
				GCC_WARN_UNINITIALIZED_AUTOS = YES_AGGRESSIVE;
				GCC_WARN_UNUSED_FUNCTION = YES;
				GCC_WARN_UNUSED_VARIABLE = YES;
				IPHONEOS_DEPLOYMENT_TARGET = 14.3;
				MTL_ENABLE_DEBUG_INFO = INCLUDE_SOURCE;
				MTL_FAST_MATH = YES;
				ONLY_ACTIVE_ARCH = YES;
				SDKROOT = iphoneos;
				SWIFT_ACTIVE_COMPILATION_CONDITIONS = DEBUG;
				SWIFT_OPTIMIZATION_LEVEL = "-Onone";
			};
			name = Debug;
		};
		261D9CB925B8521900B39D60 /* Release */ = {
			isa = XCBuildConfiguration;
			buildSettings = {
				ALWAYS_SEARCH_USER_PATHS = NO;
				CLANG_ANALYZER_NONNULL = YES;
				CLANG_ANALYZER_NUMBER_OBJECT_CONVERSION = YES_AGGRESSIVE;
				CLANG_CXX_LANGUAGE_STANDARD = "gnu++14";
				CLANG_CXX_LIBRARY = "libc++";
				CLANG_ENABLE_MODULES = YES;
				CLANG_ENABLE_OBJC_ARC = YES;
				CLANG_ENABLE_OBJC_WEAK = YES;
				CLANG_WARN_BLOCK_CAPTURE_AUTORELEASING = YES;
				CLANG_WARN_BOOL_CONVERSION = YES;
				CLANG_WARN_COMMA = YES;
				CLANG_WARN_CONSTANT_CONVERSION = YES;
				CLANG_WARN_DEPRECATED_OBJC_IMPLEMENTATIONS = YES;
				CLANG_WARN_DIRECT_OBJC_ISA_USAGE = YES_ERROR;
				CLANG_WARN_DOCUMENTATION_COMMENTS = YES;
				CLANG_WARN_EMPTY_BODY = YES;
				CLANG_WARN_ENUM_CONVERSION = YES;
				CLANG_WARN_INFINITE_RECURSION = YES;
				CLANG_WARN_INT_CONVERSION = YES;
				CLANG_WARN_NON_LITERAL_NULL_CONVERSION = YES;
				CLANG_WARN_OBJC_IMPLICIT_RETAIN_SELF = YES;
				CLANG_WARN_OBJC_LITERAL_CONVERSION = YES;
				CLANG_WARN_OBJC_ROOT_CLASS = YES_ERROR;
				CLANG_WARN_QUOTED_INCLUDE_IN_FRAMEWORK_HEADER = YES;
				CLANG_WARN_RANGE_LOOP_ANALYSIS = YES;
				CLANG_WARN_STRICT_PROTOTYPES = YES;
				CLANG_WARN_SUSPICIOUS_MOVE = YES;
				CLANG_WARN_UNGUARDED_AVAILABILITY = YES_AGGRESSIVE;
				CLANG_WARN_UNREACHABLE_CODE = YES;
				CLANG_WARN__DUPLICATE_METHOD_MATCH = YES;
				COPY_PHASE_STRIP = NO;
				DEBUG_INFORMATION_FORMAT = "dwarf-with-dsym";
				ENABLE_NS_ASSERTIONS = NO;
				ENABLE_STRICT_OBJC_MSGSEND = YES;
				GCC_C_LANGUAGE_STANDARD = gnu11;
				GCC_NO_COMMON_BLOCKS = YES;
				GCC_WARN_64_TO_32_BIT_CONVERSION = YES;
				GCC_WARN_ABOUT_RETURN_TYPE = YES_ERROR;
				GCC_WARN_UNDECLARED_SELECTOR = YES;
				GCC_WARN_UNINITIALIZED_AUTOS = YES_AGGRESSIVE;
				GCC_WARN_UNUSED_FUNCTION = YES;
				GCC_WARN_UNUSED_VARIABLE = YES;
				IPHONEOS_DEPLOYMENT_TARGET = 14.3;
				MTL_ENABLE_DEBUG_INFO = NO;
				MTL_FAST_MATH = YES;
				SDKROOT = iphoneos;
				SWIFT_COMPILATION_MODE = wholemodule;
				SWIFT_OPTIMIZATION_LEVEL = "-O";
				VALIDATE_PRODUCT = YES;
			};
			name = Release;
		};
		261D9CBB25B8521900B39D60 /* Debug */ = {
			isa = XCBuildConfiguration;
			buildSettings = {
				ASSETCATALOG_COMPILER_APPICON_NAME = AppIcon;
				ASSETCATALOG_COMPILER_GLOBAL_ACCENT_COLOR_NAME = AccentColor;
				CODE_SIGN_STYLE = Automatic;
				DEVELOPMENT_TEAM = PE7RPE5TA2;
				INFOPLIST_FILE = "JatApp Counter/Resources/Info.plist";
				LD_RUNPATH_SEARCH_PATHS = (
					"$(inherited)",
					"@executable_path/Frameworks",
				);
				PRODUCT_BUNDLE_IDENTIFIER = "com.nickrudenko.JatApp-Counter";
				PRODUCT_NAME = "$(TARGET_NAME)";
				SWIFT_VERSION = 5.0;
				TARGETED_DEVICE_FAMILY = "1,2";
			};
			name = Debug;
		};
		261D9CBC25B8521900B39D60 /* Release */ = {
			isa = XCBuildConfiguration;
			buildSettings = {
				ASSETCATALOG_COMPILER_APPICON_NAME = AppIcon;
				ASSETCATALOG_COMPILER_GLOBAL_ACCENT_COLOR_NAME = AccentColor;
				CODE_SIGN_STYLE = Automatic;
				DEVELOPMENT_TEAM = PE7RPE5TA2;
				INFOPLIST_FILE = "JatApp Counter/Resources/Info.plist";
				LD_RUNPATH_SEARCH_PATHS = (
					"$(inherited)",
					"@executable_path/Frameworks",
				);
				PRODUCT_BUNDLE_IDENTIFIER = "com.nickrudenko.JatApp-Counter";
				PRODUCT_NAME = "$(TARGET_NAME)";
				SWIFT_VERSION = 5.0;
				TARGETED_DEVICE_FAMILY = "1,2";
			};
			name = Release;
		};
		261D9CBE25B8521900B39D60 /* Debug */ = {
			isa = XCBuildConfiguration;
			buildSettings = {
				ALWAYS_EMBED_SWIFT_STANDARD_LIBRARIES = YES;
				BUNDLE_LOADER = "$(TEST_HOST)";
				CODE_SIGN_STYLE = Automatic;
				DEVELOPMENT_TEAM = PE7RPE5TA2;
				INFOPLIST_FILE = "JatApp CounterTests/Info.plist";
				IPHONEOS_DEPLOYMENT_TARGET = 14.3;
				LD_RUNPATH_SEARCH_PATHS = (
					"$(inherited)",
					"@executable_path/Frameworks",
					"@loader_path/Frameworks",
				);
				PRODUCT_BUNDLE_IDENTIFIER = "com.nickrudenko.JatApp-CounterTests";
				PRODUCT_NAME = "$(TARGET_NAME)";
				SWIFT_VERSION = 5.0;
				TARGETED_DEVICE_FAMILY = "1,2";
				TEST_HOST = "$(BUILT_PRODUCTS_DIR)/JatApp Counter.app/JatApp Counter";
			};
			name = Debug;
		};
		261D9CBF25B8521900B39D60 /* Release */ = {
			isa = XCBuildConfiguration;
			buildSettings = {
				ALWAYS_EMBED_SWIFT_STANDARD_LIBRARIES = YES;
				BUNDLE_LOADER = "$(TEST_HOST)";
				CODE_SIGN_STYLE = Automatic;
				DEVELOPMENT_TEAM = PE7RPE5TA2;
				INFOPLIST_FILE = "JatApp CounterTests/Info.plist";
				IPHONEOS_DEPLOYMENT_TARGET = 14.3;
				LD_RUNPATH_SEARCH_PATHS = (
					"$(inherited)",
					"@executable_path/Frameworks",
					"@loader_path/Frameworks",
				);
				PRODUCT_BUNDLE_IDENTIFIER = "com.nickrudenko.JatApp-CounterTests";
				PRODUCT_NAME = "$(TARGET_NAME)";
				SWIFT_VERSION = 5.0;
				TARGETED_DEVICE_FAMILY = "1,2";
				TEST_HOST = "$(BUILT_PRODUCTS_DIR)/JatApp Counter.app/JatApp Counter";
			};
			name = Release;
		};
/* End XCBuildConfiguration section */

/* Begin XCConfigurationList section */
		261D9C8B25B8521700B39D60 /* Build configuration list for PBXProject "JatApp Counter" */ = {
			isa = XCConfigurationList;
			buildConfigurations = (
				261D9CB825B8521900B39D60 /* Debug */,
				261D9CB925B8521900B39D60 /* Release */,
			);
			defaultConfigurationIsVisible = 0;
			defaultConfigurationName = Release;
		};
		261D9CBA25B8521900B39D60 /* Build configuration list for PBXNativeTarget "JatApp Counter" */ = {
			isa = XCConfigurationList;
			buildConfigurations = (
				261D9CBB25B8521900B39D60 /* Debug */,
				261D9CBC25B8521900B39D60 /* Release */,
			);
			defaultConfigurationIsVisible = 0;
			defaultConfigurationName = Release;
		};
		261D9CBD25B8521900B39D60 /* Build configuration list for PBXNativeTarget "JatApp CounterTests" */ = {
			isa = XCConfigurationList;
			buildConfigurations = (
				261D9CBE25B8521900B39D60 /* Debug */,
				261D9CBF25B8521900B39D60 /* Release */,
			);
			defaultConfigurationIsVisible = 0;
			defaultConfigurationName = Release;
		};
/* End XCConfigurationList section */
	};
	rootObject = 261D9C8825B8521700B39D60 /* Project object */;
}
